
Microsoft Visual Studio Solution File, Format Version 12.00
# Visual Studio Version 16
VisualStudioVersion = 16.0.30128.74
MinimumVisualStudioVersion = 10.0.40219.1
Project("{FAE04EC0-301F-11D3-BF4B-00C04F79EFBC}") = "WebMRPO", "WebMRPO\WebMRPO.csproj", "{C597AE3F-FDFF-443D-99DC-33EFFAD9284C}"
EndProject
Global
	GlobalSection(SolutionConfigurationPlatforms) = preSolution
		Debug|Any CPU = Debug|Any CPU
		Release|Any CPU = Release|Any CPU
	EndGlobalSection
	GlobalSection(ProjectConfigurationPlatforms) = postSolution
		{C597AE3F-FDFF-443D-99DC-33EFFAD9284C}.Debug|Any CPU.ActiveCfg = Debug|Any CPU
		{C597AE3F-FDFF-443D-99DC-33EFFAD9284C}.Debug|Any CPU.Build.0 = Debug|Any CPU
		{C597AE3F-FDFF-443D-99DC-33EFFAD9284C}.Release|Any CPU.ActiveCfg = Release|Any CPU
		{C597AE3F-FDFF-443D-99DC-33EFFAD9284C}.Release|Any CPU.Build.0 = Release|Any CPU
	EndGlobalSection
	GlobalSection(SolutionProperties) = preSolution
		HideSolutionNode = FALSE
	EndGlobalSection
	GlobalSection(ExtensibilityGlobals) = postSolution
		SolutionGuid = {BF2FB948-C5DC-4A0E-B13C-9C53A0C9434D}
	EndGlobalSection
EndGlobal
